
Microsoft Visual Studio Solution File, Format Version 12.00
# Visual Studio Version 16
VisualStudioVersion = 16.0.30114.105
MinimumVisualStudioVersion = 10.0.40219.1
Project("{2150E333-8FDC-42A3-9474-1A3956D46DE8}") = "src", "src", "{B5814150-BE49-47EA-9D84-88427553B40D}"
EndProject
Project("{FAE04EC0-301F-11D3-BF4B-00C04F79EFBC}") = "AMS.eComm.Domain", "src\AMS.eComm.Domain\AMS.eComm.Domain.csproj", "{DC4D3983-F873-4A1A-8644-F89AAF635A9D}"
EndProject
Project("{FAE04EC0-301F-11D3-BF4B-00C04F79EFBC}") = "AMS.eComm.Services", "src\AMS.eComm.Services\AMS.eComm.Services.csproj", "{441DCBDA-0448-4732-BB9F-A760B8A0A34C}"
EndProject
Project("{FAE04EC0-301F-11D3-BF4B-00C04F79EFBC}") = "AMS.eComm.Infra.Data", "src\AMS.eComm.Infra.Data\AMS.eComm.Infra.Data.csproj", "{FDC47072-1765-46E6-8851-6606B9C273AA}"
EndProject
Project("{FAE04EC0-301F-11D3-BF4B-00C04F79EFBC}") = "AMS.eComm.API", "src\AMS.eComm.API\AMS.eComm.API.csproj", "{6CBEB95F-F859-4119-9A12-0F4CC9137E47}"
EndProject
Global
	GlobalSection(SolutionConfigurationPlatforms) = preSolution
		Debug|Any CPU = Debug|Any CPU
		Release|Any CPU = Release|Any CPU
	EndGlobalSection
	GlobalSection(SolutionProperties) = preSolution
		HideSolutionNode = FALSE
	EndGlobalSection
	GlobalSection(ProjectConfigurationPlatforms) = postSolution
		{DC4D3983-F873-4A1A-8644-F89AAF635A9D}.Debug|Any CPU.ActiveCfg = Debug|Any CPU
		{DC4D3983-F873-4A1A-8644-F89AAF635A9D}.Debug|Any CPU.Build.0 = Debug|Any CPU
		{DC4D3983-F873-4A1A-8644-F89AAF635A9D}.Release|Any CPU.ActiveCfg = Release|Any CPU
		{DC4D3983-F873-4A1A-8644-F89AAF635A9D}.Release|Any CPU.Build.0 = Release|Any CPU
		{441DCBDA-0448-4732-BB9F-A760B8A0A34C}.Debug|Any CPU.ActiveCfg = Debug|Any CPU
		{441DCBDA-0448-4732-BB9F-A760B8A0A34C}.Debug|Any CPU.Build.0 = Debug|Any CPU
		{441DCBDA-0448-4732-BB9F-A760B8A0A34C}.Release|Any CPU.ActiveCfg = Release|Any CPU
		{441DCBDA-0448-4732-BB9F-A760B8A0A34C}.Release|Any CPU.Build.0 = Release|Any CPU
		{FDC47072-1765-46E6-8851-6606B9C273AA}.Debug|Any CPU.ActiveCfg = Debug|Any CPU
		{FDC47072-1765-46E6-8851-6606B9C273AA}.Debug|Any CPU.Build.0 = Debug|Any CPU
		{FDC47072-1765-46E6-8851-6606B9C273AA}.Release|Any CPU.ActiveCfg = Release|Any CPU
		{FDC47072-1765-46E6-8851-6606B9C273AA}.Release|Any CPU.Build.0 = Release|Any CPU
		{6CBEB95F-F859-4119-9A12-0F4CC9137E47}.Debug|Any CPU.ActiveCfg = Debug|Any CPU
		{6CBEB95F-F859-4119-9A12-0F4CC9137E47}.Debug|Any CPU.Build.0 = Debug|Any CPU
		{6CBEB95F-F859-4119-9A12-0F4CC9137E47}.Release|Any CPU.ActiveCfg = Release|Any CPU
		{6CBEB95F-F859-4119-9A12-0F4CC9137E47}.Release|Any CPU.Build.0 = Release|Any CPU
	EndGlobalSection
	GlobalSection(NestedProjects) = preSolution
		{DC4D3983-F873-4A1A-8644-F89AAF635A9D} = {B5814150-BE49-47EA-9D84-88427553B40D}
		{441DCBDA-0448-4732-BB9F-A760B8A0A34C} = {B5814150-BE49-47EA-9D84-88427553B40D}
		{FDC47072-1765-46E6-8851-6606B9C273AA} = {B5814150-BE49-47EA-9D84-88427553B40D}
		{6CBEB95F-F859-4119-9A12-0F4CC9137E47} = {B5814150-BE49-47EA-9D84-88427553B40D}
	EndGlobalSection
EndGlobal
